
Microsoft Visual Studio Solution File, Format Version 12.00
Project("{FAE04EC0-301F-11D3-BF4B-00C04F79EFBC}") = "API", "API\API.csproj", "{FADE85CB-16A3-42FD-A0D8-4EB45A70DC6D}"
EndProject
Project("{FAE04EC0-301F-11D3-BF4B-00C04F79EFBC}") = "Tests", "Tests\Tests.csproj", "{CD435BC1-3257-43CE-8875-2B8AD41537FE}"
EndProject
Project("{FAE04EC0-301F-11D3-BF4B-00C04F79EFBC}") = "DataAccess", "DataAccess\DataAccess.csproj", "{64C53D39-C8AC-4515-8AFE-AB6D0E6A5C77}"
EndProject
Project("{FAE04EC0-301F-11D3-BF4B-00C04F79EFBC}") = "Services", "Services\Services.csproj", "{68800768-D130-4CF0-8C8F-6F3F0AE0E507}"
EndProject
Global
	GlobalSection(SolutionConfigurationPlatforms) = preSolution
		Debug|Any CPU = Debug|Any CPU
		Release|Any CPU = Release|Any CPU
	EndGlobalSection
	GlobalSection(ProjectConfigurationPlatforms) = postSolution
		{FADE85CB-16A3-42FD-A0D8-4EB45A70DC6D}.Debug|Any CPU.ActiveCfg = Debug|Any CPU
		{FADE85CB-16A3-42FD-A0D8-4EB45A70DC6D}.Debug|Any CPU.Build.0 = Debug|Any CPU
		{FADE85CB-16A3-42FD-A0D8-4EB45A70DC6D}.Release|Any CPU.ActiveCfg = Release|Any CPU
		{FADE85CB-16A3-42FD-A0D8-4EB45A70DC6D}.Release|Any CPU.Build.0 = Release|Any CPU
		{CD435BC1-3257-43CE-8875-2B8AD41537FE}.Debug|Any CPU.ActiveCfg = Debug|Any CPU
		{CD435BC1-3257-43CE-8875-2B8AD41537FE}.Debug|Any CPU.Build.0 = Debug|Any CPU
		{CD435BC1-3257-43CE-8875-2B8AD41537FE}.Release|Any CPU.ActiveCfg = Release|Any CPU
		{CD435BC1-3257-43CE-8875-2B8AD41537FE}.Release|Any CPU.Build.0 = Release|Any CPU
		{64C53D39-C8AC-4515-8AFE-AB6D0E6A5C77}.Debug|Any CPU.ActiveCfg = Debug|Any CPU
		{64C53D39-C8AC-4515-8AFE-AB6D0E6A5C77}.Debug|Any CPU.Build.0 = Debug|Any CPU
		{64C53D39-C8AC-4515-8AFE-AB6D0E6A5C77}.Release|Any CPU.ActiveCfg = Release|Any CPU
		{64C53D39-C8AC-4515-8AFE-AB6D0E6A5C77}.Release|Any CPU.Build.0 = Release|Any CPU
		{68800768-D130-4CF0-8C8F-6F3F0AE0E507}.Debug|Any CPU.ActiveCfg = Debug|Any CPU
		{68800768-D130-4CF0-8C8F-6F3F0AE0E507}.Debug|Any CPU.Build.0 = Debug|Any CPU
		{68800768-D130-4CF0-8C8F-6F3F0AE0E507}.Release|Any CPU.ActiveCfg = Release|Any CPU
		{68800768-D130-4CF0-8C8F-6F3F0AE0E507}.Release|Any CPU.Build.0 = Release|Any CPU
	EndGlobalSection
EndGlobal
